
Microsoft Visual Studio Solution File, Format Version 12.00
# Visual Studio Version 16
VisualStudioVersion = 16.0.29709.97
MinimumVisualStudioVersion = 10.0.40219.1
Project("{9A19103F-16F7-4668-BE54-9A1E7A4F7556}") = "uebungen", "uebungen\uebungen.csproj", "{880F72EB-1A34-409F-976F-62AF38D7D97A}"
EndProject
Global
	GlobalSection(SolutionConfigurationPlatforms) = preSolution
		Debug|Any CPU = Debug|Any CPU
		Release|Any CPU = Release|Any CPU
	EndGlobalSection
	GlobalSection(ProjectConfigurationPlatforms) = postSolution
		{880F72EB-1A34-409F-976F-62AF38D7D97A}.Debug|Any CPU.ActiveCfg = Debug|Any CPU
		{880F72EB-1A34-409F-976F-62AF38D7D97A}.Debug|Any CPU.Build.0 = Debug|Any CPU
		{880F72EB-1A34-409F-976F-62AF38D7D97A}.Release|Any CPU.ActiveCfg = Release|Any CPU
		{880F72EB-1A34-409F-976F-62AF38D7D97A}.Release|Any CPU.Build.0 = Release|Any CPU
	EndGlobalSection
	GlobalSection(SolutionProperties) = preSolution
		HideSolutionNode = FALSE
	EndGlobalSection
	GlobalSection(ExtensibilityGlobals) = postSolution
		SolutionGuid = {BFAF1C99-0FEA-413E-81FE-21831639C1CD}
	EndGlobalSection
EndGlobal
